
Microsoft Visual Studio Solution File, Format Version 12.00
# Visual Studio Version 17
VisualStudioVersion = 17.12.35506.116
MinimumVisualStudioVersion = 10.0.40219.1
Project("{FAE04EC0-301F-11D3-BF4B-00C04F79EFBC}") = "Modbus.Project", "Modbus.Project\Modbus.Project.csproj", "{1E292008-02E8-4269-A373-EA3AB25DBAF4}"
EndProject
Project("{FAE04EC0-301F-11D3-BF4B-00C04F79EFBC}") = "ModbusRTUlib", "ModbusRTUlib\ModbusRTUlib.csproj", "{92A5CE51-5689-4D0C-AAAF-8B4841D865B3}"
EndProject
Project("{FAE04EC0-301F-11D3-BF4B-00C04F79EFBC}") = "ModbusTCP", "ModbusTCP\ModbusTCP.csproj", "{ECB45E2A-2DF1-4491-AE98-46105DDAC59F}"
EndProject
Global
	GlobalSection(SolutionConfigurationPlatforms) = preSolution
		Debug|Any CPU = Debug|Any CPU
		Release|Any CPU = Release|Any CPU
	EndGlobalSection
	GlobalSection(ProjectConfigurationPlatforms) = postSolution
		{1E292008-02E8-4269-A373-EA3AB25DBAF4}.Debug|Any CPU.ActiveCfg = Debug|Any CPU
		{1E292008-02E8-4269-A373-EA3AB25DBAF4}.Debug|Any CPU.Build.0 = Debug|Any CPU
		{1E292008-02E8-4269-A373-EA3AB25DBAF4}.Release|Any CPU.ActiveCfg = Release|Any CPU
		{1E292008-02E8-4269-A373-EA3AB25DBAF4}.Release|Any CPU.Build.0 = Release|Any CPU
		{92A5CE51-5689-4D0C-AAAF-8B4841D865B3}.Debug|Any CPU.ActiveCfg = Debug|Any CPU
		{92A5CE51-5689-4D0C-AAAF-8B4841D865B3}.Debug|Any CPU.Build.0 = Debug|Any CPU
		{92A5CE51-5689-4D0C-AAAF-8B4841D865B3}.Release|Any CPU.ActiveCfg = Release|Any CPU
		{92A5CE51-5689-4D0C-AAAF-8B4841D865B3}.Release|Any CPU.Build.0 = Release|Any CPU
		{ECB45E2A-2DF1-4491-AE98-46105DDAC59F}.Debug|Any CPU.ActiveCfg = Debug|Any CPU
		{ECB45E2A-2DF1-4491-AE98-46105DDAC59F}.Debug|Any CPU.Build.0 = Debug|Any CPU
		{ECB45E2A-2DF1-4491-AE98-46105DDAC59F}.Release|Any CPU.ActiveCfg = Release|Any CPU
		{ECB45E2A-2DF1-4491-AE98-46105DDAC59F}.Release|Any CPU.Build.0 = Release|Any CPU
	EndGlobalSection
	GlobalSection(SolutionProperties) = preSolution
		HideSolutionNode = FALSE
	EndGlobalSection
EndGlobal
